{
  "name": "@ziro/array-object",
  "version": "1.0.0",
  "lockfileVersion": 1,
  "requires": true,
  "dependencies": {
    "@ziro/decimal-usa": {
      "version": "1.0.1",
      "resolved": "https://registry.npmjs.org/@ziro/decimal-usa/-/decimal-usa-1.0.1.tgz",
      "integrity": "sha512-KgSjv9fHetrlvTy3MSkV9+0IJ2S3zTuAcKm2cYZQEAsUQRtnJQC0j6UCkrZLMS726svoKoy1gmapomLeI4d11Q=="
    }
  }
}
